{
  "version": 4,
  "terraform_version": "0.13.5",
  "serial": 63,
  "lineage": "9e554827-974c-4145-bf10-2c9e7d5d242e",
  "outputs": {
    "dbname": {
      "value": "vgteams",
      "type": "string"
    },
    "ip": {
      "value": "34.95.195.152",
      "type": "string"
    },
    "password": {
      "value": "admin",
      "type": "string"
    },
    "port": {
      "value": 5432,
      "type": "number"
    },
    "username": {
      "value": "postgres",
      "type": "string"
    }
  },
  "resources": [
    {
      "mode": "managed",
      "type": "google_compute_firewall",
      "name": "default",
      "provider": "provider[\"registry.terraform.io/hashicorp/google\"]",
      "instances": [
        {
          "schema_version": 1,
          "attributes": {
            "allow": [
              {
                "ports": [
                  "5432"
                ],
                "protocol": "tcp"
              },
              {
                "ports": [
                  "5432"
                ],
                "protocol": "udp"
              }
            ],
            "creation_timestamp": "2020-11-21T17:50:41.467-08:00",
            "deny": [],
            "description": "",
            "destination_ranges": [],
            "direction": "INGRESS",
            "disabled": false,
            "enable_logging": false,
            "id": "projects/personal-00/global/firewalls/postgres-sql",
            "name": "postgres-sql",
            "network": "https://www.googleapis.com/compute/v1/projects/personal-00/global/networks/default",
            "priority": 1000,
            "project": "personal-00",
            "self_link": "https://www.googleapis.com/compute/v1/projects/personal-00/global/firewalls/postgres-sql",
            "source_ranges": [
              "0.0.0.0/0"
            ],
            "source_service_accounts": [],
            "source_tags": [],
            "target_service_accounts": [],
            "target_tags": [],
            "timeouts": null
          },
          "private": "eyJlMmJmYjczMC1lY2FhLTExZTYtOGY4OC0zNDM2M2JjN2M0YzAiOnsiY3JlYXRlIjoyNDAwMDAwMDAwMDAsImRlbGV0ZSI6MjQwMDAwMDAwMDAwLCJ1cGRhdGUiOjI0MDAwMDAwMDAwMH0sInNjaGVtYV92ZXJzaW9uIjoiMSJ9"
        }
      ]
    },
    {
      "mode": "managed",
      "type": "google_compute_instance",
      "name": "vmc_postgres_dev",
      "provider": "provider[\"registry.terraform.io/hashicorp/google\"]",
      "instances": [
        {
          "schema_version": 6,
          "attributes": {
            "allow_stopping_for_update": null,
            "attached_disk": [],
            "boot_disk": [
              {
                "auto_delete": true,
                "device_name": "persistent-disk-0",
                "disk_encryption_key_raw": "",
                "disk_encryption_key_sha256": "",
                "initialize_params": [
                  {
                    "image": "https://www.googleapis.com/compute/v1/projects/cos-cloud/global/images/cos-stable-85-13310-1041-28",
                    "labels": {},
                    "size": 10,
                    "type": "pd-ssd"
                  }
                ],
                "kms_key_self_link": "",
                "mode": "READ_WRITE",
                "source": "https://www.googleapis.com/compute/v1/projects/personal-00/zones/southamerica-east1-a/disks/terraform-instance-d65a4c02bbb95027"
              }
            ],
            "can_ip_forward": false,
            "cpu_platform": "Intel Broadwell",
            "deletion_protection": false,
            "description": "",
            "enable_display": false,
            "guest_accelerator": [],
            "hostname": "",
            "id": "projects/personal-00/zones/southamerica-east1-a/instances/terraform-instance-d65a4c02bbb95027",
            "instance_id": "6117753351323465246",
            "label_fingerprint": "42WmSpB8rSM=",
            "labels": null,
            "machine_type": "f1-micro",
            "metadata": {
              "ssh-keys": "jhordycg:ssh-rsa AAAAB3NzaC1yc2EAAAADAQABAAABgQDioABNM5m9lS3JuVYjpqzpH7QrNr8bqWV2kGF47vdMk7nDFArWHM4bY0+ftvVwd7eHyKXFSyHybBRt7hdHVk4zgnJU0XvN3+2r41OI3Q1BF/hBF8LM3Qz63hpACyKhLpIW+pJWHvA45s1++BVmu3F6dwqyPMJTDkXzCa3fcdE1gKxnlifqe+YRL0P67Usiq4MCjXyLDU2WhFmn+rl4vwtsp4PPak7COxNRF6o+BEBhIU787FFQDjCPgqOp0RZ/IZbOonw5EG3bvTIO/iJqVnY1x0gQIiKvAupEvqvUWntWshvP65wECZz6zCbBDR1QBHQyzjeq6PEgs2Afe/vEIqv3xf4ZM9Y75wknU/Vh4Tc7PJIvYj4tzxJJfVPeJJ/uGzDjoKQfOqP00u26/A2rEVcseJLSPEarJphYrq2JW1RAWnaqPPXWdRQeUaw4/FOMVPdSX2CZqEQvhGL9TGrLxnJ1yu16em4Y5om0g6JMlqZKCQlkxZXJ48GaBOpiSk+F8DM= jhordycg\n"
            },
            "metadata_fingerprint": "LnTYXuPhT2c=",
            "metadata_startup_script": "echo '-- tables\n-- Table: agreements_tracking\nCREATE TABLE agreements_tracking (\n    agreements_tacking_id int NOT NULL,\n    from_tutoring_session_id int NOT NULL,\n    to_tutoring_session_id int NOT NULL,\n    tutoring_agreement_id int NOT NULL,\n    CONSTRAINT agreements_tracking_pk PRIMARY KEY (agreements_tacking_id)\n);\n-- Table: agreements_types\nCREATE TABLE agreements_types (\n    agreement_type_id int NOT NULL,\n    title varchar(100) NOT NULL,\n    description varchar(500) NOT NULL,\n    hide char(1) NOT NULL,\n    CONSTRAINT agreements_types_pk PRIMARY KEY (agreement_type_id)\n);\n-- Table: tutoring_agreements\nCREATE TABLE tutoring_agreements (\n    tutoring_agreement_id int NOT NULL,\n    tutoring_session_id int NOT NULL,\n    title varchar(100) NOT NULL,\n    description varchar(500) NOT NULL,\n    type int NOT NULL,\n    done char(1) NOT NULL,\n    created_at date NOT NULL,\n    last_update date NOT NULL,\n    CONSTRAINT tutoring_agreements_pk PRIMARY KEY (tutoring_agreement_id)\n);\n-- Table: tutoring_sessions\nCREATE TABLE tutoring_sessions (\n    tutoring_session_id int NOT NULL,\n    tutor_id int NOT NULL,\n    student_id int NOT NULL,\n    title varchar(100) NOT NULL,\n    description varchar(500) NOT NULL,\n    session_date date NOT NULL,\n    state char(1) NOT NULL,\n    archived char(1) NOT NULL,\n    session_url varchar(250) NOT NULL,\n    CONSTRAINT tutoring_sessions_pk PRIMARY KEY (tutoring_session_id)\n);\n-- foreign keys\n-- Reference: agreements_tracking_from_tutoring_sessions (table: agreements_tracking)\nALTER TABLE agreements_tracking\nADD CONSTRAINT agreements_tracking_from_tutoring_sessions \nFOREIGN KEY (from_tutoring_session_id) REFERENCES tutoring_sessions (tutoring_session_id) NOT DEFERRABLE INITIALLY IMMEDIATE;\n-- Reference: agreements_tracking_to_tutoring_sessions (table: agreements_tracking)\nALTER TABLE agreements_tracking\nADD CONSTRAINT agreements_tracking_to_tutoring_sessions \nFOREIGN KEY (to_tutoring_session_id) REFERENCES tutoring_sessions (tutoring_session_id) NOT DEFERRABLE INITIALLY IMMEDIATE;\n-- Reference: agreements_tracking_tutoring_agreements (table: agreements_tracking)\nALTER TABLE agreements_tracking\nADD CONSTRAINT agreements_tracking_tutoring_agreements \nFOREIGN KEY (tutoring_agreement_id) REFERENCES tutoring_agreements (tutoring_agreement_id) NOT DEFERRABLE INITIALLY IMMEDIATE;\n-- Reference: tutoring_agreements_tutoring_sessions (table: tutoring_agreements)\nALTER TABLE tutoring_agreements\nADD CONSTRAINT tutoring_agreements_tutoring_sessions \nFOREIGN KEY (tutoring_session_id) REFERENCES tutoring_sessions (tutoring_session_id) NOT DEFERRABLE INITIALLY IMMEDIATE;\n-- Reference: tutoring_agreements_types_of_agreements (table: tutoring_agreements)\nALTER TABLE tutoring_agreements\nADD CONSTRAINT tutoring_agreements_types_of_agreements \nFOREIGN KEY (type) REFERENCES agreements_types (agreement_type_id) NOT DEFERRABLE INITIALLY IMMEDIATE;\nCOMMIT;' \u003e /tmp/db-dev.sql; docker run --name postgres-dev -d -p 5432:5432/tcp -p 5432:5432/udp -v /tmp/db-dev.sql:/tmp/db-dev.sql -e POSTGRES_USER=postgres -e POSTGRES_PASSWORD=admin -e POSTGRES_DB=vgteams postgres:13-alpine \u0026\u0026 sleep 1s \u0026\u0026 docker exec -d postgres-dev psql -U postgres -d vgteams -f /tmp/db-dev.sql",
            "min_cpu_platform": "",
            "name": "terraform-instance-d65a4c02bbb95027",
            "network_interface": [
              {
                "access_config": [
                  {
                    "nat_ip": "34.95.195.152",
                    "network_tier": "PREMIUM",
                    "public_ptr_domain_name": ""
                  }
                ],
                "alias_ip_range": [],
                "name": "nic0",
                "network": "https://www.googleapis.com/compute/v1/projects/personal-00/global/networks/default",
                "network_ip": "10.158.0.16",
                "subnetwork": "https://www.googleapis.com/compute/v1/projects/personal-00/regions/southamerica-east1/subnetworks/default",
                "subnetwork_project": "personal-00"
              }
            ],
            "project": "personal-00",
            "scheduling": [
              {
                "automatic_restart": true,
                "node_affinities": [],
                "on_host_maintenance": "MIGRATE",
                "preemptible": false
              }
            ],
            "scratch_disk": [],
            "self_link": "https://www.googleapis.com/compute/v1/projects/personal-00/zones/southamerica-east1-a/instances/terraform-instance-d65a4c02bbb95027",
            "service_account": [],
            "shielded_instance_config": [
              {
                "enable_integrity_monitoring": true,
                "enable_secure_boot": false,
                "enable_vtpm": true
              }
            ],
            "tags": [
              "alpine",
              "database",
              "postgres-13",
              "sql",
              "vgteam"
            ],
            "tags_fingerprint": "Arlpz57D_fw=",
            "timeouts": null,
            "zone": "southamerica-east1-a"
          },
          "private": "eyJlMmJmYjczMC1lY2FhLTExZTYtOGY4OC0zNDM2M2JjN2M0YzAiOnsiY3JlYXRlIjoxMjAwMDAwMDAwMDAwLCJkZWxldGUiOjEyMDAwMDAwMDAwMDAsInVwZGF0ZSI6MTIwMDAwMDAwMDAwMH0sInNjaGVtYV92ZXJzaW9uIjoiNiJ9",
          "dependencies": [
            "random_id.instance_id"
          ]
        }
      ]
    },
    {
      "mode": "managed",
      "type": "random_id",
      "name": "instance_id",
      "provider": "provider[\"registry.terraform.io/hashicorp/random\"]",
      "instances": [
        {
          "schema_version": 0,
          "attributes": {
            "b64_std": "1lpMAru5UCc=",
            "b64_url": "1lpMAru5UCc",
            "byte_length": 8,
            "dec": "15445741446643666983",
            "hex": "d65a4c02bbb95027",
            "id": "1lpMAru5UCc",
            "keepers": null,
            "prefix": null
          },
          "private": "bnVsbA=="
        }
      ]
    }
  ]
}
