{
  "version": 4,
  "terraform_version": "0.13.5",
  "serial": 61,
  "lineage": "9e554827-974c-4145-bf10-2c9e7d5d242e",
  "outputs": {
    "dbname": {
      "value": "vgteams",
      "type": "string"
    },
    "password": {
      "value": "admin",
      "type": "string"
    },
    "port": {
      "value": 5432,
      "type": "number"
    },
    "username": {
      "value": "postgres",
      "type": "string"
    }
  },
  "resources": [
    {
      "mode": "managed",
      "type": "google_compute_firewall",
      "name": "default",
      "provider": "provider[\"registry.terraform.io/hashicorp/google\"]",
      "instances": [
        {
          "schema_version": 1,
          "attributes": {
            "allow": [
              {
                "ports": [
                  "5432"
                ],
                "protocol": "tcp"
              },
              {
                "ports": [
                  "5432"
                ],
                "protocol": "udp"
              }
            ],
            "creation_timestamp": "2020-11-21T17:50:41.467-08:00",
            "deny": [],
            "description": "",
            "destination_ranges": [],
            "direction": "INGRESS",
            "disabled": false,
            "enable_logging": false,
            "id": "projects/personal-00/global/firewalls/postgres-sql",
            "name": "postgres-sql",
            "network": "https://www.googleapis.com/compute/v1/projects/personal-00/global/networks/default",
            "priority": 1000,
            "project": "personal-00",
            "self_link": "https://www.googleapis.com/compute/v1/projects/personal-00/global/firewalls/postgres-sql",
            "source_ranges": [
              "0.0.0.0/0"
            ],
            "source_service_accounts": [],
            "source_tags": [],
            "target_service_accounts": [],
            "target_tags": [],
            "timeouts": null
          },
          "private": "eyJlMmJmYjczMC1lY2FhLTExZTYtOGY4OC0zNDM2M2JjN2M0YzAiOnsiY3JlYXRlIjoyNDAwMDAwMDAwMDAsImRlbGV0ZSI6MjQwMDAwMDAwMDAwLCJ1cGRhdGUiOjI0MDAwMDAwMDAwMH0sInNjaGVtYV92ZXJzaW9uIjoiMSJ9"
        }
      ]
    },
    {
      "mode": "managed",
      "type": "random_id",
      "name": "instance_id",
      "provider": "provider[\"registry.terraform.io/hashicorp/random\"]",
      "instances": [
        {
          "schema_version": 0,
          "attributes": {
            "b64_std": "1lpMAru5UCc=",
            "b64_url": "1lpMAru5UCc",
            "byte_length": 8,
            "dec": "15445741446643666983",
            "hex": "d65a4c02bbb95027",
            "id": "1lpMAru5UCc",
            "keepers": null,
            "prefix": null
          },
          "private": "bnVsbA=="
        }
      ]
    }
  ]
}
